
Microsoft Visual Studio Solution File, Format Version 12.00
# Visual Studio 2012
Project("{FAE04EC0-301F-11D3-BF4B-00C04F79EFBC}") = "iosBeaconSample", "iosBeaconSample\iosBeaconSample.csproj", "{2BC47E0A-381A-4487-8E88-61DBC706834D}"
EndProject
Global
	GlobalSection(SolutionConfigurationPlatforms) = preSolution
		Debug|iPhoneSimulator = Debug|iPhoneSimulator
		Release|iPhoneSimulator = Release|iPhoneSimulator
		Debug|iPhone = Debug|iPhone
		Release|iPhone = Release|iPhone
		Ad-Hoc|iPhone = Ad-Hoc|iPhone
		AppStore|iPhone = AppStore|iPhone
	EndGlobalSection
	GlobalSection(ProjectConfigurationPlatforms) = postSolution
		{2BC47E0A-381A-4487-8E88-61DBC706834D}.Ad-Hoc|iPhone.ActiveCfg = Ad-Hoc|iPhone
		{2BC47E0A-381A-4487-8E88-61DBC706834D}.Ad-Hoc|iPhone.Build.0 = Ad-Hoc|iPhone
		{2BC47E0A-381A-4487-8E88-61DBC706834D}.AppStore|iPhone.ActiveCfg = AppStore|iPhone
		{2BC47E0A-381A-4487-8E88-61DBC706834D}.AppStore|iPhone.Build.0 = AppStore|iPhone
		{2BC47E0A-381A-4487-8E88-61DBC706834D}.Debug|iPhone.ActiveCfg = Debug|iPhone
		{2BC47E0A-381A-4487-8E88-61DBC706834D}.Debug|iPhone.Build.0 = Debug|iPhone
		{2BC47E0A-381A-4487-8E88-61DBC706834D}.Debug|iPhoneSimulator.ActiveCfg = Debug|iPhoneSimulator
		{2BC47E0A-381A-4487-8E88-61DBC706834D}.Debug|iPhoneSimulator.Build.0 = Debug|iPhoneSimulator
		{2BC47E0A-381A-4487-8E88-61DBC706834D}.Release|iPhone.ActiveCfg = Release|iPhone
		{2BC47E0A-381A-4487-8E88-61DBC706834D}.Release|iPhone.Build.0 = Release|iPhone
		{2BC47E0A-381A-4487-8E88-61DBC706834D}.Release|iPhoneSimulator.ActiveCfg = Release|iPhoneSimulator
		{2BC47E0A-381A-4487-8E88-61DBC706834D}.Release|iPhoneSimulator.Build.0 = Release|iPhoneSimulator
	EndGlobalSection
	GlobalSection(MonoDevelopProperties) = preSolution
		StartupItem = iosBeaconSample\iosBeaconSample.csproj
	EndGlobalSection
EndGlobal
